
Microsoft Visual Studio Solution File, Format Version 12.00
# Visual Studio Version 17
VisualStudioVersion = 17.12.35728.132 d17.12
MinimumVisualStudioVersion = 10.0.40219.1
Project("{FAE04EC0-301F-11D3-BF4B-00C04F79EFBC}") = "FUNewsManagementSystem.Presentation", "..\ASM1\FUNewsManagementSystem.Presentation\FUNewsManagementSystem.Presentation.csproj", "{CD061FA9-27F3-432E-AD18-F3085CE59DB2}"
EndProject
Project("{FAE04EC0-301F-11D3-BF4B-00C04F79EFBC}") = "FUNewsManagementSystem.RepositoryLayer", "..\ASM1\FUNewsManagementSystem.RepositoryLayer\FUNewsManagementSystem.RepositoryLayer.csproj", "{1E2C465D-308E-4A52-99EC-7D1035D63F0C}"
EndProject
Project("{FAE04EC0-301F-11D3-BF4B-00C04F79EFBC}") = "FUNewsManagementSystem.ServiceLayer", "..\ASM1\FUNewsManagementSystem.ServiceLayer\FUNewsManagementSystem.ServiceLayer.csproj", "{D06329E7-89F2-4291-95FA-924C72D9C87C}"
EndProject
Global
	GlobalSection(SolutionConfigurationPlatforms) = preSolution
		Debug|Any CPU = Debug|Any CPU
		Release|Any CPU = Release|Any CPU
	EndGlobalSection
	GlobalSection(ProjectConfigurationPlatforms) = postSolution
		{CD061FA9-27F3-432E-AD18-F3085CE59DB2}.Debug|Any CPU.ActiveCfg = Debug|Any CPU
		{CD061FA9-27F3-432E-AD18-F3085CE59DB2}.Debug|Any CPU.Build.0 = Debug|Any CPU
		{CD061FA9-27F3-432E-AD18-F3085CE59DB2}.Release|Any CPU.ActiveCfg = Release|Any CPU
		{CD061FA9-27F3-432E-AD18-F3085CE59DB2}.Release|Any CPU.Build.0 = Release|Any CPU
		{1E2C465D-308E-4A52-99EC-7D1035D63F0C}.Debug|Any CPU.ActiveCfg = Debug|Any CPU
		{1E2C465D-308E-4A52-99EC-7D1035D63F0C}.Debug|Any CPU.Build.0 = Debug|Any CPU
		{1E2C465D-308E-4A52-99EC-7D1035D63F0C}.Release|Any CPU.ActiveCfg = Release|Any CPU
		{1E2C465D-308E-4A52-99EC-7D1035D63F0C}.Release|Any CPU.Build.0 = Release|Any CPU
		{D06329E7-89F2-4291-95FA-924C72D9C87C}.Debug|Any CPU.ActiveCfg = Debug|Any CPU
		{D06329E7-89F2-4291-95FA-924C72D9C87C}.Debug|Any CPU.Build.0 = Debug|Any CPU
		{D06329E7-89F2-4291-95FA-924C72D9C87C}.Release|Any CPU.ActiveCfg = Release|Any CPU
		{D06329E7-89F2-4291-95FA-924C72D9C87C}.Release|Any CPU.Build.0 = Release|Any CPU
	EndGlobalSection
	GlobalSection(SolutionProperties) = preSolution
		HideSolutionNode = FALSE
	EndGlobalSection
EndGlobal
